
Microsoft Visual Studio Solution File, Format Version 12.00
# Visual Studio Version 17
VisualStudioVersion = 17.14.36518.9 d17.14
MinimumVisualStudioVersion = 10.0.40219.1
Project("{FAE04EC0-301F-11D3-BF4B-00C04F79EFBC}") = "LR1_PRUN_M_PM", "LR1_PRUN_M_PM.csproj", "{F6F768C6-64C2-4DCC-930A-8F15B7FAB99B}"
EndProject
Global
	GlobalSection(SolutionConfigurationPlatforms) = preSolution
		Debug|Any CPU = Debug|Any CPU
		Release|Any CPU = Release|Any CPU
	EndGlobalSection
	GlobalSection(ProjectConfigurationPlatforms) = postSolution
		{F6F768C6-64C2-4DCC-930A-8F15B7FAB99B}.Debug|Any CPU.ActiveCfg = Debug|Any CPU
		{F6F768C6-64C2-4DCC-930A-8F15B7FAB99B}.Debug|Any CPU.Build.0 = Debug|Any CPU
		{F6F768C6-64C2-4DCC-930A-8F15B7FAB99B}.Release|Any CPU.ActiveCfg = Release|Any CPU
		{F6F768C6-64C2-4DCC-930A-8F15B7FAB99B}.Release|Any CPU.Build.0 = Release|Any CPU
	EndGlobalSection
	GlobalSection(SolutionProperties) = preSolution
		HideSolutionNode = FALSE
	EndGlobalSection
	GlobalSection(ExtensibilityGlobals) = postSolution
		SolutionGuid = {2FAB0653-93DC-4362-8A14-98C6304653B0}
	EndGlobalSection
EndGlobal
